
Microsoft Visual Studio Solution File, Format Version 12.00
# Visual Studio Version 17
VisualStudioVersion = 17.5.002.0
MinimumVisualStudioVersion = 10.0.40219.1
Project("{9A19103F-16F7-4668-BE54-9A1E7A4F7556}") = "Bloggie.Web", "Bloggie.Web.csproj", "{AE40353A-5746-426B-884D-3C518B0773C5}"
EndProject
Global
	GlobalSection(SolutionConfigurationPlatforms) = preSolution
		Debug|Any CPU = Debug|Any CPU
		Release|Any CPU = Release|Any CPU
	EndGlobalSection
	GlobalSection(ProjectConfigurationPlatforms) = postSolution
		{AE40353A-5746-426B-884D-3C518B0773C5}.Debug|Any CPU.ActiveCfg = Debug|Any CPU
		{AE40353A-5746-426B-884D-3C518B0773C5}.Debug|Any CPU.Build.0 = Debug|Any CPU
		{AE40353A-5746-426B-884D-3C518B0773C5}.Release|Any CPU.ActiveCfg = Release|Any CPU
		{AE40353A-5746-426B-884D-3C518B0773C5}.Release|Any CPU.Build.0 = Release|Any CPU
	EndGlobalSection
	GlobalSection(SolutionProperties) = preSolution
		HideSolutionNode = FALSE
	EndGlobalSection
	GlobalSection(ExtensibilityGlobals) = postSolution
		SolutionGuid = {0933FC6B-0DBA-4984-A08D-B2C56FF2819A}
	EndGlobalSection
EndGlobal
